
Microsoft Visual Studio Solution File, Format Version 12.00
# Visual Studio Version 17
VisualStudioVersion = 17.11.35327.3
MinimumVisualStudioVersion = 10.0.40219.1
Project("{FAE04EC0-301F-11D3-BF4B-00C04F79EFBC}") = "PaymentWebAPI", "PaymentWebAPI\PaymentWebAPI.csproj", "{4BA92DA4-D96C-453C-AC36-8B64CE75A430}"
EndProject
Project("{FAE04EC0-301F-11D3-BF4B-00C04F79EFBC}") = "PaymentWebCore", "PaymentWebCore\PaymentWebCore.csproj", "{370DA435-2576-4A4C-9AC1-19CD15E9DEBF}"
EndProject
Project("{FAE04EC0-301F-11D3-BF4B-00C04F79EFBC}") = "PaymentWebData", "PaymentWebData\PaymentWebData.csproj", "{83C4587E-FC1A-4D64-A717-5083D6F38116}"
EndProject
Project("{FAE04EC0-301F-11D3-BF4B-00C04F79EFBC}") = "PaymentWebEntity", "PaymentWebEntity\PaymentWebEntity.csproj", "{448E5C15-A462-4061-B694-5DD2C8143632}"
EndProject
Project("{FAE04EC0-301F-11D3-BF4B-00C04F79EFBC}") = "PaymentWebService", "PaymentWebService\PaymentWebService.csproj", "{BC582725-2138-4054-9D62-E05DF6493551}"
EndProject
Global
	GlobalSection(SolutionConfigurationPlatforms) = preSolution
		Debug|Any CPU = Debug|Any CPU
		Release|Any CPU = Release|Any CPU
	EndGlobalSection
	GlobalSection(ProjectConfigurationPlatforms) = postSolution
		{4BA92DA4-D96C-453C-AC36-8B64CE75A430}.Debug|Any CPU.ActiveCfg = Debug|Any CPU
		{4BA92DA4-D96C-453C-AC36-8B64CE75A430}.Debug|Any CPU.Build.0 = Debug|Any CPU
		{4BA92DA4-D96C-453C-AC36-8B64CE75A430}.Release|Any CPU.ActiveCfg = Release|Any CPU
		{4BA92DA4-D96C-453C-AC36-8B64CE75A430}.Release|Any CPU.Build.0 = Release|Any CPU
		{370DA435-2576-4A4C-9AC1-19CD15E9DEBF}.Debug|Any CPU.ActiveCfg = Debug|Any CPU
		{370DA435-2576-4A4C-9AC1-19CD15E9DEBF}.Debug|Any CPU.Build.0 = Debug|Any CPU
		{370DA435-2576-4A4C-9AC1-19CD15E9DEBF}.Release|Any CPU.ActiveCfg = Release|Any CPU
		{370DA435-2576-4A4C-9AC1-19CD15E9DEBF}.Release|Any CPU.Build.0 = Release|Any CPU
		{83C4587E-FC1A-4D64-A717-5083D6F38116}.Debug|Any CPU.ActiveCfg = Debug|Any CPU
		{83C4587E-FC1A-4D64-A717-5083D6F38116}.Debug|Any CPU.Build.0 = Debug|Any CPU
		{83C4587E-FC1A-4D64-A717-5083D6F38116}.Release|Any CPU.ActiveCfg = Release|Any CPU
		{83C4587E-FC1A-4D64-A717-5083D6F38116}.Release|Any CPU.Build.0 = Release|Any CPU
		{448E5C15-A462-4061-B694-5DD2C8143632}.Debug|Any CPU.ActiveCfg = Debug|Any CPU
		{448E5C15-A462-4061-B694-5DD2C8143632}.Debug|Any CPU.Build.0 = Debug|Any CPU
		{448E5C15-A462-4061-B694-5DD2C8143632}.Release|Any CPU.ActiveCfg = Release|Any CPU
		{448E5C15-A462-4061-B694-5DD2C8143632}.Release|Any CPU.Build.0 = Release|Any CPU
		{BC582725-2138-4054-9D62-E05DF6493551}.Debug|Any CPU.ActiveCfg = Debug|Any CPU
		{BC582725-2138-4054-9D62-E05DF6493551}.Debug|Any CPU.Build.0 = Debug|Any CPU
		{BC582725-2138-4054-9D62-E05DF6493551}.Release|Any CPU.ActiveCfg = Release|Any CPU
		{BC582725-2138-4054-9D62-E05DF6493551}.Release|Any CPU.Build.0 = Release|Any CPU
	EndGlobalSection
	GlobalSection(SolutionProperties) = preSolution
		HideSolutionNode = FALSE
	EndGlobalSection
	GlobalSection(ExtensibilityGlobals) = postSolution
		SolutionGuid = {CF4E8F4C-9742-4F61-B1D4-A4538A5F58DC}
	EndGlobalSection
EndGlobal
